
Microsoft Visual Studio Solution File, Format Version 12.00
# Visual Studio Version 16
VisualStudioVersion = 16.0.31911.196
MinimumVisualStudioVersion = 10.0.40219.1
Project("{8BC9CEB8-8B4A-11D0-8D11-00A0C91BC942}") = "Visualizing Normal Vectors", "..\Geometry Shader - Visualizing Normal Vectors\OpenGLWindow\OpenGLWindow.vcxproj", "{609DE8A7-55FA-476C-9FB3-E122036A4604}"
EndProject
Project("{8BC9CEB8-8B4A-11D0-8D11-00A0C91BC942}") = "Visualizing Primitives", "..\Geometry Shader - Visualizing Primitives\OpenGLWindow\VisualizingPrimitives.vcxproj", "{218716F6-4BB2-47D2-B9F9-8C994472A6B5}"
EndProject
Project("{8BC9CEB8-8B4A-11D0-8D11-00A0C91BC942}") = "Visualizing Reflection", "..\Cubemaps\OpenGLWindow\VisualizingReflection.vcxproj", "{3626FBF5-2452-4DC6-AE87-92A7465F76EB}"
EndProject
Project("{8BC9CEB8-8B4A-11D0-8D11-00A0C91BC942}") = "Visualizing Edge Detection", "..\Framebuffers\OpenGLWindow\VisualizingEdgeDetection.vcxproj", "{D176D1D5-1D59-46C6-820B-9E6F7C0747CC}"
EndProject
Global
	GlobalSection(SolutionConfigurationPlatforms) = preSolution
		Debug|x64 = Debug|x64
		Debug|x86 = Debug|x86
		Release|x64 = Release|x64
		Release|x86 = Release|x86
	EndGlobalSection
	GlobalSection(ProjectConfigurationPlatforms) = postSolution
		{609DE8A7-55FA-476C-9FB3-E122036A4604}.Debug|x64.ActiveCfg = Debug|x64
		{609DE8A7-55FA-476C-9FB3-E122036A4604}.Debug|x64.Build.0 = Debug|x64
		{609DE8A7-55FA-476C-9FB3-E122036A4604}.Debug|x86.ActiveCfg = Debug|Win32
		{609DE8A7-55FA-476C-9FB3-E122036A4604}.Debug|x86.Build.0 = Debug|Win32
		{609DE8A7-55FA-476C-9FB3-E122036A4604}.Release|x64.ActiveCfg = Release|x64
		{609DE8A7-55FA-476C-9FB3-E122036A4604}.Release|x64.Build.0 = Release|x64
		{609DE8A7-55FA-476C-9FB3-E122036A4604}.Release|x86.ActiveCfg = Release|Win32
		{609DE8A7-55FA-476C-9FB3-E122036A4604}.Release|x86.Build.0 = Release|Win32
		{218716F6-4BB2-47D2-B9F9-8C994472A6B5}.Debug|x64.ActiveCfg = Debug|x64
		{218716F6-4BB2-47D2-B9F9-8C994472A6B5}.Debug|x64.Build.0 = Debug|x64
		{218716F6-4BB2-47D2-B9F9-8C994472A6B5}.Debug|x86.ActiveCfg = Debug|Win32
		{218716F6-4BB2-47D2-B9F9-8C994472A6B5}.Debug|x86.Build.0 = Debug|Win32
		{218716F6-4BB2-47D2-B9F9-8C994472A6B5}.Release|x64.ActiveCfg = Release|x64
		{218716F6-4BB2-47D2-B9F9-8C994472A6B5}.Release|x64.Build.0 = Release|x64
		{218716F6-4BB2-47D2-B9F9-8C994472A6B5}.Release|x86.ActiveCfg = Release|Win32
		{218716F6-4BB2-47D2-B9F9-8C994472A6B5}.Release|x86.Build.0 = Release|Win32
		{3626FBF5-2452-4DC6-AE87-92A7465F76EB}.Debug|x64.ActiveCfg = Debug|x64
		{3626FBF5-2452-4DC6-AE87-92A7465F76EB}.Debug|x64.Build.0 = Debug|x64
		{3626FBF5-2452-4DC6-AE87-92A7465F76EB}.Debug|x86.ActiveCfg = Debug|Win32
		{3626FBF5-2452-4DC6-AE87-92A7465F76EB}.Debug|x86.Build.0 = Debug|Win32
		{3626FBF5-2452-4DC6-AE87-92A7465F76EB}.Release|x64.ActiveCfg = Release|x64
		{3626FBF5-2452-4DC6-AE87-92A7465F76EB}.Release|x64.Build.0 = Release|x64
		{3626FBF5-2452-4DC6-AE87-92A7465F76EB}.Release|x86.ActiveCfg = Release|Win32
		{3626FBF5-2452-4DC6-AE87-92A7465F76EB}.Release|x86.Build.0 = Release|Win32
		{D176D1D5-1D59-46C6-820B-9E6F7C0747CC}.Debug|x64.ActiveCfg = Debug|x64
		{D176D1D5-1D59-46C6-820B-9E6F7C0747CC}.Debug|x64.Build.0 = Debug|x64
		{D176D1D5-1D59-46C6-820B-9E6F7C0747CC}.Debug|x86.ActiveCfg = Debug|Win32
		{D176D1D5-1D59-46C6-820B-9E6F7C0747CC}.Debug|x86.Build.0 = Debug|Win32
		{D176D1D5-1D59-46C6-820B-9E6F7C0747CC}.Release|x64.ActiveCfg = Release|x64
		{D176D1D5-1D59-46C6-820B-9E6F7C0747CC}.Release|x64.Build.0 = Release|x64
		{D176D1D5-1D59-46C6-820B-9E6F7C0747CC}.Release|x86.ActiveCfg = Release|Win32
		{D176D1D5-1D59-46C6-820B-9E6F7C0747CC}.Release|x86.Build.0 = Release|Win32
	EndGlobalSection
	GlobalSection(SolutionProperties) = preSolution
		HideSolutionNode = FALSE
	EndGlobalSection
	GlobalSection(ExtensibilityGlobals) = postSolution
		SolutionGuid = {B3A40423-D91E-41A3-8D37-364827C7EB58}
	EndGlobalSection
EndGlobal
